
Microsoft Visual Studio Solution File, Format Version 12.00
# Visual Studio 15
VisualStudioVersion = 15.0.26430.6
MinimumVisualStudioVersion = 10.0.40219.1
Project("{FAE04EC0-301F-11D3-BF4B-00C04F79EFBC}") = "OSCS", "Template\OSCS.csproj", "{7C6129FF-60F0-4AA5-A574-05E36B4318BD}"
EndProject
Global
	GlobalSection(SolutionConfigurationPlatforms) = preSolution
		Debug|Any CPU = Debug|Any CPU
		Release|Any CPU = Release|Any CPU
	EndGlobalSection
	GlobalSection(ProjectConfigurationPlatforms) = postSolution
		{7C6129FF-60F0-4AA5-A574-05E36B4318BD}.Debug|Any CPU.ActiveCfg = Debug|Any CPU
		{7C6129FF-60F0-4AA5-A574-05E36B4318BD}.Debug|Any CPU.Build.0 = Debug|Any CPU
		{7C6129FF-60F0-4AA5-A574-05E36B4318BD}.Release|Any CPU.ActiveCfg = Release|Any CPU
		{7C6129FF-60F0-4AA5-A574-05E36B4318BD}.Release|Any CPU.Build.0 = Release|Any CPU
	EndGlobalSection
	GlobalSection(SolutionProperties) = preSolution
		HideSolutionNode = FALSE
	EndGlobalSection
	GlobalSection(ExtensibilityGlobals) = postSolution
		SolutionGuid = {F4935EB7-9838-48E6-B093-7682C05F3104}
	EndGlobalSection
EndGlobal
